
Microsoft Visual Studio Solution File, Format Version 12.00
# Visual Studio Version 16
VisualStudioVersion = 16.0.29609.76
MinimumVisualStudioVersion = 10.0.40219.1
Project("{2150E333-8FDC-42A3-9474-1A3956D46DE8}") = "Solution Items", "Solution Items", "{A4109292-0FE5-4761-868A-31A5BEB1810A}"
	ProjectSection(SolutionItems) = preProject
		.editorconfig = .editorconfig
		appveyor.yml = appveyor.yml
		build.cmd = build.cmd
		build.sh = build.sh
		COPYING.txt = COPYING.txt
		global.json = global.json
		pack.cmd = pack.cmd
		README.md = README.md
		SolutionInfo.cs = SolutionInfo.cs
		test.cmd = test.cmd
		test.sh = test.sh
	EndProjectSection
EndProject
Project("{9A19103F-16F7-4668-BE54-9A1E7A4F7556}") = "NCrontab", "NCrontab\NCrontab.csproj", "{1B6D7AA9-38DE-45B3-8E90-7FC08E83173F}"
EndProject
Project("{9A19103F-16F7-4668-BE54-9A1E7A4F7556}") = "NCrontab.Tests", "NCrontab.Tests\NCrontab.Tests.csproj", "{C0786FAF-E9C1-411C-B70D-5B3339973E57}"
EndProject
Project("{9A19103F-16F7-4668-BE54-9A1E7A4F7556}") = "NCrontabConsole", "NCrontabConsole\NCrontabConsole.csproj", "{F7B12090-E4FE-41F8-B7BD-816E4BC11DB4}"
EndProject
Project("{9A19103F-16F7-4668-BE54-9A1E7A4F7556}") = "NCrontab.Signed", "NCrontab.Signed\NCrontab.Signed.csproj", "{00415F52-1635-4DC7-AA50-4750DC928F89}"
EndProject
Project("{FAE04EC0-301F-11D3-BF4B-00C04F79EFBC}") = "NCrontabViewer", "NCrontabViewer\NCrontabViewer.csproj", "{DB5C3020-025A-456F-A691-CB7E375A348C}"
EndProject
Global
	GlobalSection(SolutionConfigurationPlatforms) = preSolution
		Debug|Any CPU = Debug|Any CPU
		DebugSigned|Any CPU = DebugSigned|Any CPU
		Release|Any CPU = Release|Any CPU
		ReleaseSigned|Any CPU = ReleaseSigned|Any CPU
	EndGlobalSection
	GlobalSection(ProjectConfigurationPlatforms) = postSolution
		{1B6D7AA9-38DE-45B3-8E90-7FC08E83173F}.Debug|Any CPU.ActiveCfg = Debug|Any CPU
		{1B6D7AA9-38DE-45B3-8E90-7FC08E83173F}.Debug|Any CPU.Build.0 = Debug|Any CPU
		{1B6D7AA9-38DE-45B3-8E90-7FC08E83173F}.DebugSigned|Any CPU.ActiveCfg = Debug|Any CPU
		{1B6D7AA9-38DE-45B3-8E90-7FC08E83173F}.DebugSigned|Any CPU.Build.0 = Debug|Any CPU
		{1B6D7AA9-38DE-45B3-8E90-7FC08E83173F}.Release|Any CPU.ActiveCfg = Release|Any CPU
		{1B6D7AA9-38DE-45B3-8E90-7FC08E83173F}.Release|Any CPU.Build.0 = Release|Any CPU
		{1B6D7AA9-38DE-45B3-8E90-7FC08E83173F}.ReleaseSigned|Any CPU.ActiveCfg = Release|Any CPU
		{1B6D7AA9-38DE-45B3-8E90-7FC08E83173F}.ReleaseSigned|Any CPU.Build.0 = Release|Any CPU
		{C0786FAF-E9C1-411C-B70D-5B3339973E57}.Debug|Any CPU.ActiveCfg = Debug|Any CPU
		{C0786FAF-E9C1-411C-B70D-5B3339973E57}.Debug|Any CPU.Build.0 = Debug|Any CPU
		{C0786FAF-E9C1-411C-B70D-5B3339973E57}.DebugSigned|Any CPU.ActiveCfg = Debug|Any CPU
		{C0786FAF-E9C1-411C-B70D-5B3339973E57}.DebugSigned|Any CPU.Build.0 = Debug|Any CPU
		{C0786FAF-E9C1-411C-B70D-5B3339973E57}.Release|Any CPU.ActiveCfg = Release|Any CPU
		{C0786FAF-E9C1-411C-B70D-5B3339973E57}.Release|Any CPU.Build.0 = Release|Any CPU
		{C0786FAF-E9C1-411C-B70D-5B3339973E57}.ReleaseSigned|Any CPU.ActiveCfg = Release|Any CPU
		{C0786FAF-E9C1-411C-B70D-5B3339973E57}.ReleaseSigned|Any CPU.Build.0 = Release|Any CPU
		{F7B12090-E4FE-41F8-B7BD-816E4BC11DB4}.Debug|Any CPU.ActiveCfg = Debug|Any CPU
		{F7B12090-E4FE-41F8-B7BD-816E4BC11DB4}.Debug|Any CPU.Build.0 = Debug|Any CPU
		{F7B12090-E4FE-41F8-B7BD-816E4BC11DB4}.DebugSigned|Any CPU.ActiveCfg = Debug|Any CPU
		{F7B12090-E4FE-41F8-B7BD-816E4BC11DB4}.DebugSigned|Any CPU.Build.0 = Debug|Any CPU
		{F7B12090-E4FE-41F8-B7BD-816E4BC11DB4}.Release|Any CPU.ActiveCfg = Release|Any CPU
		{F7B12090-E4FE-41F8-B7BD-816E4BC11DB4}.Release|Any CPU.Build.0 = Release|Any CPU
		{F7B12090-E4FE-41F8-B7BD-816E4BC11DB4}.ReleaseSigned|Any CPU.ActiveCfg = Release|Any CPU
		{F7B12090-E4FE-41F8-B7BD-816E4BC11DB4}.ReleaseSigned|Any CPU.Build.0 = Release|Any CPU
		{00415F52-1635-4DC7-AA50-4750DC928F89}.Debug|Any CPU.ActiveCfg = Debug|Any CPU
		{00415F52-1635-4DC7-AA50-4750DC928F89}.Debug|Any CPU.Build.0 = Debug|Any CPU
		{00415F52-1635-4DC7-AA50-4750DC928F89}.DebugSigned|Any CPU.ActiveCfg = Debug|Any CPU
		{00415F52-1635-4DC7-AA50-4750DC928F89}.DebugSigned|Any CPU.Build.0 = Debug|Any CPU
		{00415F52-1635-4DC7-AA50-4750DC928F89}.Release|Any CPU.ActiveCfg = Release|Any CPU
		{00415F52-1635-4DC7-AA50-4750DC928F89}.Release|Any CPU.Build.0 = Release|Any CPU
		{00415F52-1635-4DC7-AA50-4750DC928F89}.ReleaseSigned|Any CPU.ActiveCfg = Release|Any CPU
		{00415F52-1635-4DC7-AA50-4750DC928F89}.ReleaseSigned|Any CPU.Build.0 = Release|Any CPU
		{DB5C3020-025A-456F-A691-CB7E375A348C}.Debug|Any CPU.ActiveCfg = Debug|Any CPU
		{DB5C3020-025A-456F-A691-CB7E375A348C}.Debug|Any CPU.Build.0 = Debug|Any CPU
		{DB5C3020-025A-456F-A691-CB7E375A348C}.DebugSigned|Any CPU.ActiveCfg = Debug|Any CPU
		{DB5C3020-025A-456F-A691-CB7E375A348C}.DebugSigned|Any CPU.Build.0 = Debug|Any CPU
		{DB5C3020-025A-456F-A691-CB7E375A348C}.Release|Any CPU.ActiveCfg = Release|Any CPU
		{DB5C3020-025A-456F-A691-CB7E375A348C}.Release|Any CPU.Build.0 = Release|Any CPU
		{DB5C3020-025A-456F-A691-CB7E375A348C}.ReleaseSigned|Any CPU.ActiveCfg = Debug|Any CPU
		{DB5C3020-025A-456F-A691-CB7E375A348C}.ReleaseSigned|Any CPU.Build.0 = Debug|Any CPU
	EndGlobalSection
	GlobalSection(SolutionProperties) = preSolution
		HideSolutionNode = FALSE
	EndGlobalSection
	GlobalSection(ExtensibilityGlobals) = postSolution
		SolutionGuid = {01DE1391-BEB9-4331-B3D8-C278D0464F3E}
	EndGlobalSection
EndGlobal
