
Microsoft Visual Studio Solution File, Format Version 12.00
# Visual Studio 14
VisualStudioVersion = 14.0.25420.1
MinimumVisualStudioVersion = 10.0.40219.1
Project("{2150E333-8FDC-42A3-9474-1A3956D46DE8}") = "Solution Items", "Solution Items", "{A4109292-0FE5-4761-868A-31A5BEB1810A}"
	ProjectSection(SolutionItems) = preProject
		build.cmd = build.cmd
		buildw.cmd = buildw.cmd
		clean.cmd = clean.cmd
		COPYING.txt = COPYING.txt
		NCrontab.nuspec = NCrontab.nuspec
		NCrontab.Signed.nuspec = NCrontab.Signed.nuspec
		pack.cmd = pack.cmd
		packw.cmd = packw.cmd
		README.md = README.md
		SolutionInfo.cs = SolutionInfo.cs
	EndProjectSection
EndProject
Project("{8BB2217D-0F2D-49D1-97BC-3654ED321F3B}") = "NCrontab", "NCrontab\NCrontab.xproj", "{1B6D7AA9-38DE-45B3-8E90-7FC08E83173F}"
EndProject
Project("{8BB2217D-0F2D-49D1-97BC-3654ED321F3B}") = "NCrontab.Tests", "NCrontab.Tests\NCrontab.Tests.xproj", "{C0786FAF-E9C1-411C-B70D-5B3339973E57}"
EndProject
Project("{8BB2217D-0F2D-49D1-97BC-3654ED321F3B}") = "NCrontabConsole", "NCrontabConsole\NCrontabConsole.xproj", "{F7B12090-E4FE-41F8-B7BD-816E4BC11DB4}"
EndProject
Global
	GlobalSection(SolutionConfigurationPlatforms) = preSolution
		Debug|Any CPU = Debug|Any CPU
		DebugSigned|Any CPU = DebugSigned|Any CPU
		Release|Any CPU = Release|Any CPU
		ReleaseSigned|Any CPU = ReleaseSigned|Any CPU
	EndGlobalSection
	GlobalSection(ProjectConfigurationPlatforms) = postSolution
		{1B6D7AA9-38DE-45B3-8E90-7FC08E83173F}.Debug|Any CPU.ActiveCfg = Debug|Any CPU
		{1B6D7AA9-38DE-45B3-8E90-7FC08E83173F}.Debug|Any CPU.Build.0 = Debug|Any CPU
		{1B6D7AA9-38DE-45B3-8E90-7FC08E83173F}.DebugSigned|Any CPU.ActiveCfg = Debug|Any CPU
		{1B6D7AA9-38DE-45B3-8E90-7FC08E83173F}.DebugSigned|Any CPU.Build.0 = Debug|Any CPU
		{1B6D7AA9-38DE-45B3-8E90-7FC08E83173F}.Release|Any CPU.ActiveCfg = Release|Any CPU
		{1B6D7AA9-38DE-45B3-8E90-7FC08E83173F}.Release|Any CPU.Build.0 = Release|Any CPU
		{1B6D7AA9-38DE-45B3-8E90-7FC08E83173F}.ReleaseSigned|Any CPU.ActiveCfg = Release|Any CPU
		{1B6D7AA9-38DE-45B3-8E90-7FC08E83173F}.ReleaseSigned|Any CPU.Build.0 = Release|Any CPU
		{C0786FAF-E9C1-411C-B70D-5B3339973E57}.Debug|Any CPU.ActiveCfg = Debug|Any CPU
		{C0786FAF-E9C1-411C-B70D-5B3339973E57}.Debug|Any CPU.Build.0 = Debug|Any CPU
		{C0786FAF-E9C1-411C-B70D-5B3339973E57}.DebugSigned|Any CPU.ActiveCfg = Debug|Any CPU
		{C0786FAF-E9C1-411C-B70D-5B3339973E57}.DebugSigned|Any CPU.Build.0 = Debug|Any CPU
		{C0786FAF-E9C1-411C-B70D-5B3339973E57}.Release|Any CPU.ActiveCfg = Release|Any CPU
		{C0786FAF-E9C1-411C-B70D-5B3339973E57}.Release|Any CPU.Build.0 = Release|Any CPU
		{C0786FAF-E9C1-411C-B70D-5B3339973E57}.ReleaseSigned|Any CPU.ActiveCfg = Release|Any CPU
		{C0786FAF-E9C1-411C-B70D-5B3339973E57}.ReleaseSigned|Any CPU.Build.0 = Release|Any CPU
		{F7B12090-E4FE-41F8-B7BD-816E4BC11DB4}.Debug|Any CPU.ActiveCfg = Debug|Any CPU
		{F7B12090-E4FE-41F8-B7BD-816E4BC11DB4}.Debug|Any CPU.Build.0 = Debug|Any CPU
		{F7B12090-E4FE-41F8-B7BD-816E4BC11DB4}.DebugSigned|Any CPU.ActiveCfg = Debug|Any CPU
		{F7B12090-E4FE-41F8-B7BD-816E4BC11DB4}.DebugSigned|Any CPU.Build.0 = Debug|Any CPU
		{F7B12090-E4FE-41F8-B7BD-816E4BC11DB4}.Release|Any CPU.ActiveCfg = Release|Any CPU
		{F7B12090-E4FE-41F8-B7BD-816E4BC11DB4}.Release|Any CPU.Build.0 = Release|Any CPU
		{F7B12090-E4FE-41F8-B7BD-816E4BC11DB4}.ReleaseSigned|Any CPU.ActiveCfg = Release|Any CPU
		{F7B12090-E4FE-41F8-B7BD-816E4BC11DB4}.ReleaseSigned|Any CPU.Build.0 = Release|Any CPU
	EndGlobalSection
	GlobalSection(SolutionProperties) = preSolution
		HideSolutionNode = FALSE
	EndGlobalSection
EndGlobal
